
Microsoft Visual Studio Solution File, Format Version 12.00
# Visual Studio 15
VisualStudioVersion = 15.0.27130.2024
MinimumVisualStudioVersion = 10.0.40219.1
Project("{FAE04EC0-301F-11D3-BF4B-00C04F79EFBC}") = "BbcNewsClassifier", "BbcNewsClassifier\BbcNewsClassifier.csproj", "{CA51DF48-8EAD-435E-A2EA-364BED117CCA}"
EndProject
Global
	GlobalSection(SolutionConfigurationPlatforms) = preSolution
		Debug|Any CPU = Debug|Any CPU
		Release|Any CPU = Release|Any CPU
	EndGlobalSection
	GlobalSection(ProjectConfigurationPlatforms) = postSolution
		{CA51DF48-8EAD-435E-A2EA-364BED117CCA}.Debug|Any CPU.ActiveCfg = Debug|Any CPU
		{CA51DF48-8EAD-435E-A2EA-364BED117CCA}.Debug|Any CPU.Build.0 = Debug|Any CPU
		{CA51DF48-8EAD-435E-A2EA-364BED117CCA}.Release|Any CPU.ActiveCfg = Release|Any CPU
		{CA51DF48-8EAD-435E-A2EA-364BED117CCA}.Release|Any CPU.Build.0 = Release|Any CPU
	EndGlobalSection
	GlobalSection(SolutionProperties) = preSolution
		HideSolutionNode = FALSE
	EndGlobalSection
	GlobalSection(ExtensibilityGlobals) = postSolution
		SolutionGuid = {18AB6AD5-B087-477A-8AC6-C726C5391B2A}
	EndGlobalSection
EndGlobal
